
Microsoft Visual Studio Solution File, Format Version 12.00
# Visual Studio Version 17
VisualStudioVersion = 17.2.32616.157
MinimumVisualStudioVersion = 10.0.40219.1
Project("{FAE04EC0-301F-11D3-BF4B-00C04F79EFBC}") = "LetgoUploadBot", "LetgoUploadBot\LetgoUploadBot.csproj", "{76CD34E0-EF0C-41F1-909C-5AE9528166B2}"
EndProject
Global
	GlobalSection(SolutionConfigurationPlatforms) = preSolution
		Debug|Any CPU = Debug|Any CPU
		Release|Any CPU = Release|Any CPU
	EndGlobalSection
	GlobalSection(ProjectConfigurationPlatforms) = postSolution
		{76CD34E0-EF0C-41F1-909C-5AE9528166B2}.Debug|Any CPU.ActiveCfg = Debug|Any CPU
		{76CD34E0-EF0C-41F1-909C-5AE9528166B2}.Debug|Any CPU.Build.0 = Debug|Any CPU
		{76CD34E0-EF0C-41F1-909C-5AE9528166B2}.Release|Any CPU.ActiveCfg = Release|Any CPU
		{76CD34E0-EF0C-41F1-909C-5AE9528166B2}.Release|Any CPU.Build.0 = Release|Any CPU
	EndGlobalSection
	GlobalSection(SolutionProperties) = preSolution
		HideSolutionNode = FALSE
	EndGlobalSection
	GlobalSection(ExtensibilityGlobals) = postSolution
		SolutionGuid = {218606A1-5758-4C7F-861D-74886D4E1888}
	EndGlobalSection
EndGlobal
